github.com/facebook/fbthrift v0.0.0-20190922225929-2f9839604e25 h1:dezRDs9oGYxeavyvcNg/Js+dK6kIvfzERoJ7K8Xkv14=
github.com/facebook/fbthrift v0.0.0-20190922225929-2f9839604e25/go.mod h1:2tncLx5rmw69e5kMBv/yJneERbzrr1yr5fdlnTbu8lU=
github.com/vesoft-inc/nebula-go v1.0.0 h1:4fwXEH2xGWVc54C7QofKh5r2a2oJb6C/BuC2BmqEQlE=
github.com/vesoft-inc/nebula-go v1.0.0/go.mod h1:dM1R7vZjYCXZ20Kie4KYGS0UHxVDNYmDeMgb1PFPDmw=
gopkg.in/check.v1 v0.0.0-20161208181325-20d25e280405 h1:yhCVgyC4o1eVCa2tZl7eS0r+SDo693bJlVdllGtEeKM=
gopkg.in/check.v1 v0.0.0-20161208181325-20d25e280405/go.mod h1:Co6ibVJAznAaIkqp8huTwlJQCZ016jof/cbN4VW5Yz0=
gopkg.in/yaml.v2 v2.2.4 h1:/eiJrUcujPVeJ3xlSWaiNi3uSVmDGBK1pDHUHAnao1I=
gopkg.in/yaml.v2 v2.2.4/go.mod h1:hI93XBmqTisBFMUTm0b8Fm+jr3Dg1NNxqwp+5A1VGuI=
